{
  "name": "autoqcoder",
  "version": "2.1.0",
  "lockfileVersion": 3,
  "requires": true,
  "packages": {
    "": {
      "name": "autoqcoder",
      "version": "2.1.0",
      "hasInstallScript": true,
      "license": "MIT",
      "dependencies": {
        "autoqcoder": "github:cotapelu/autoqcoder"
      },
      "devDependencies": {
        "husky": "^9.0.0"
      },
      "engines": {
        "node": ">=18.0.0"
      },
      "peerDependencies": {
        "husky": ">=8.0.0"
      }
    },
    "node_modules/autoqcoder": {
      "version": "2.1.0",
      "resolved": "git+ssh://git@github.com/cotapelu/autoqcoder.git#e226c2ba367a9c4798a970200c03b55579eb9a1c",
      "hasInstallScript": true,
      "license": "MIT",
      "engines": {
        "node": ">=18.0.0"
      },
      "peerDependencies": {
        "husky": ">=8.0.0"
      }
    },
    "node_modules/husky": {
      "version": "9.1.7",
      "resolved": "https://registry.npmjs.org/husky/-/husky-9.1.7.tgz",
      "integrity": "sha512-5gs5ytaNjBrh5Ow3zrvdUUY+0VxIuWVL4i9irt6friV+BqdCfmV11CQTWMiBYWHbXhco+J1kHfTOUkePhCDvMA==",
      "license": "MIT",
      "bin": {
        "husky": "bin.js"
      },
      "engines": {
        "node": ">=18"
      },
      "funding": {
        "url": "https://github.com/sponsors/typicode"
      }
    }
  }
}
